{
  "version": 4,
  "terraform_version": "1.12.2",
  "serial": 125,
  "lineage": "d2a29cf5-e951-9f67-c671-9b8f3ebe047c",
  "outputs": {
    "another_connection_string": {
      "value": "postgres://neondb_owner:npg_6DYFTC7HlOZh@ep-spring-shadow-a8py8rq2.eastus2.azure.neon.tech/neondb?sslmode=require",
      "type": "string",
      "sensitive": true
    },
    "neon_app_role_name_output": {
      "value": "flowmazon_app_user",
      "type": "string",
      "sensitive": true
    },
    "neon_app_role_password": {
      "value": "npg_hwAUS6jbX0Vy",
      "type": "string",
      "sensitive": true
    },
    "neon_connection_string_for_app_role": {
      "value": "postgresql://flowmazon_app_user:npg_hwAUS6jbX0Vy@ep-spring-shadow-a8py8rq2.eastus2.azure.neon.tech/flowmazondb?sslmode=require",
      "type": "string",
      "sensitive": true
    },
    "neon_endpoint_host": {
      "value": "ep-spring-shadow-a8py8rq2.eastus2.azure.neon.tech",
      "type": "string",
      "sensitive": true
    },
    "neon_owner_role_name_output": {
      "value": "flowmazow_db_owner",
      "type": "string",
      "sensitive": true
    },
    "neon_owner_role_password": {
      "value": "npg_nf4Btx8icSkD",
      "type": "string",
      "sensitive": true
    }
  },
  "resources": [
    {
      "mode": "data",
      "type": "azurerm_client_config",
      "name": "current",
      "provider": "provider[\"registry.terraform.io/hashicorp/azurerm\"]",
      "instances": [
        {
          "schema_version": 0,
          "attributes": {
            "client_id": "daa60a56-3c67-4acb-b3ca-3328ee402ffd",
            "id": "Y2xpZW50Q29uZmlncy9jbGllbnRJZD1kYWE2MGE1Ni0zYzY3LTRhY2ItYjNjYS0zMzI4ZWU0MDJmZmQ7b2JqZWN0SWQ9MGQxNjY0OTQtOWQyZi00OWY2LWJlYjQtNGNhMTAyZDQzZDFjO3N1YnNjcmlwdGlvbklkPWU0ZTM3ZGFiLWY0NTYtNDk2OC05MzlkLTVjMDJhMTBiNThkZTt0ZW5hbnRJZD1jYjY1YjViMS03YjM3LTRiMDItYTZiOS0wN2IxZDBiMmQxMTI=",
            "object_id": "0d166494-9d2f-49f6-beb4-4ca102d43d1c",
            "subscription_id": "e4e37dab-f456-4968-939d-5c02a10b58de",
            "tenant_id": "cb65b5b1-7b37-4b02-a6b9-07b1d0b2d112",
            "timeouts": null
          },
          "sensitive_attributes": [],
          "identity_schema_version": 0
        }
      ]
    },
    {
      "mode": "managed",
      "type": "azurerm_key_vault",
      "name": "vault",
      "provider": "provider[\"registry.terraform.io/hashicorp/azurerm\"]",
      "instances": [
        {
          "schema_version": 2,
          "attributes": {
            "access_policy": [],
            "contact": [],
            "enable_rbac_authorization": false,
            "enabled_for_deployment": false,
            "enabled_for_disk_encryption": false,
            "enabled_for_template_deployment": false,
            "id": "/subscriptions/e4e37dab-f456-4968-939d-5c02a10b58de/resourceGroups/rg-flowmazon-prod/providers/Microsoft.KeyVault/vaults/kv-flowmazon-prod-2025",
            "location": "eastus2",
            "name": "kv-flowmazon-prod-2025",
            "network_acls": [
              {
                "bypass": "AzureServices",
                "default_action": "Allow",
                "ip_rules": [],
                "virtual_network_subnet_ids": []
              }
            ],
            "public_network_access_enabled": true,
            "purge_protection_enabled": true,
            "resource_group_name": "rg-flowmazon-prod",
            "sku_name": "standard",
            "soft_delete_retention_days": 90,
            "tags": null,
            "tenant_id": "cb65b5b1-7b37-4b02-a6b9-07b1d0b2d112",
            "timeouts": null,
            "vault_uri": "https://kv-flowmazon-prod-2025.vault.azure.net/"
          },
          "sensitive_attributes": [],
          "identity_schema_version": 0,
          "private": "eyJlMmJmYjczMC1lY2FhLTExZTYtOGY4OC0zNDM2M2JjN2M0YzAiOnsiY3JlYXRlIjoxODAwMDAwMDAwMDAwLCJkZWxldGUiOjE4MDAwMDAwMDAwMDAsInJlYWQiOjMwMDAwMDAwMDAwMCwidXBkYXRlIjoxODAwMDAwMDAwMDAwfSwic2NoZW1hX3ZlcnNpb24iOiIyIn0=",
          "dependencies": [
            "azurerm_resource_group.rg",
            "data.azurerm_client_config.current"
          ]
        }
      ]
    },
    {
      "mode": "managed",
      "type": "azurerm_resource_group",
      "name": "rg",
      "provider": "provider[\"registry.terraform.io/hashicorp/azurerm\"]",
      "instances": [
        {
          "schema_version": 0,
          "attributes": {
            "id": "/subscriptions/e4e37dab-f456-4968-939d-5c02a10b58de/resourceGroups/rg-flowmazon-prod",
            "location": "eastus2",
            "managed_by": "",
            "name": "rg-flowmazon-prod",
            "tags": {},
            "timeouts": null
          },
          "sensitive_attributes": [],
          "identity_schema_version": 0,
          "private": "eyJlMmJmYjczMC1lY2FhLTExZTYtOGY4OC0zNDM2M2JjN2M0YzAiOnsiY3JlYXRlIjo1NDAwMDAwMDAwMDAwLCJkZWxldGUiOjU0MDAwMDAwMDAwMDAsInJlYWQiOjMwMDAwMDAwMDAwMCwidXBkYXRlIjo1NDAwMDAwMDAwMDAwfX0="
        }
      ]
    },
    {
      "mode": "managed",
      "type": "neon_database",
      "name": "flowmazon_db",
      "provider": "provider[\"registry.terraform.io/kislerdm/neon\"]",
      "instances": [
        {
          "schema_version": 7,
          "attributes": {
            "branch_id": "br-cool-dust-a8lkvfnj",
            "id": "polished-thunder-96221045/br-cool-dust-a8lkvfnj/flowmazondb",
            "name": "flowmazondb",
            "owner_name": "flowmazow_db_owner",
            "project_id": "polished-thunder-96221045"
          },
          "sensitive_attributes": [
            [
              {
                "type": "get_attr",
                "value": "owner_name"
              }
            ]
          ],
          "identity_schema_version": 0,
          "private": "eyJzY2hlbWFfdmVyc2lvbiI6IjcifQ==",
          "dependencies": [
            "neon_project.flowmazon_project",
            "neon_role.owner_role"
          ]
        }
      ]
    },
    {
      "mode": "managed",
      "type": "neon_project",
      "name": "flowmazon_project",
      "provider": "provider[\"registry.terraform.io/kislerdm/neon\"]",
      "instances": [
        {
          "schema_version": 11,
          "attributes": {
            "allowed_ips": [],
            "allowed_ips_protected_branches_only": null,
            "branch": [
              {
                "database_name": "neondb",
                "id": "br-cool-dust-a8lkvfnj",
                "name": "main",
                "role_name": "neondb_owner"
              }
            ],
            "compute_provisioner": "k8s-neonvm",
            "connection_uri": "postgres://neondb_owner:npg_6DYFTC7HlOZh@ep-spring-shadow-a8py8rq2.eastus2.azure.neon.tech/neondb?sslmode=require",
            "connection_uri_pooler": "postgres://neondb_owner:npg_6DYFTC7HlOZh@ep-spring-shadow-a8py8rq2-pooler.eastus2.azure.neon.tech/neondb?sslmode=require",
            "database_host": "ep-spring-shadow-a8py8rq2.eastus2.azure.neon.tech",
            "database_host_pooler": "ep-spring-shadow-a8py8rq2-pooler.eastus2.azure.neon.tech",
            "database_name": "neondb",
            "database_password": "npg_6DYFTC7HlOZh",
            "database_user": "neondb_owner",
            "default_branch_id": "br-cool-dust-a8lkvfnj",
            "default_endpoint_id": "ep-spring-shadow-a8py8rq2",
            "default_endpoint_settings": [
              {
                "autoscaling_limit_max_cu": 0.25,
                "autoscaling_limit_min_cu": 0.25,
                "id": "ep-spring-shadow-a8py8rq2",
                "suspend_timeout_seconds": 0
              }
            ],
            "enable_logical_replication": null,
            "history_retention_seconds": 86400,
            "id": "polished-thunder-96221045",
            "name": "flowmazonprod",
            "org_id": "org-sweet-cherry-48410063",
            "pg_version": 17,
            "quota": [
              {
                "active_time_seconds": null,
                "compute_time_seconds": null,
                "data_transfer_bytes": null,
                "logical_size_bytes": null,
                "written_data_bytes": null
              }
            ],
            "region_id": "azure-eastus2",
            "store_password": "yes"
          },
          "sensitive_attributes": [
            [
              {
                "type": "get_attr",
                "value": "connection_uri"
              }
            ],
            [
              {
                "type": "get_attr",
                "value": "connection_uri_pooler"
              }
            ],
            [
              {
                "type": "get_attr",
                "value": "database_password"
              }
            ]
          ],
          "identity_schema_version": 0,
          "private": "eyJzY2hlbWFfdmVyc2lvbiI6IjExIn0="
        }
      ]
    },
    {
      "mode": "managed",
      "type": "neon_role",
      "name": "app_role",
      "provider": "provider[\"registry.terraform.io/kislerdm/neon\"]",
      "instances": [
        {
          "schema_version": 7,
          "attributes": {
            "branch_id": "br-cool-dust-a8lkvfnj",
            "id": "polished-thunder-96221045/br-cool-dust-a8lkvfnj/flowmazon_app_user",
            "name": "flowmazon_app_user",
            "password": "npg_hwAUS6jbX0Vy",
            "project_id": "polished-thunder-96221045",
            "protected": false
          },
          "sensitive_attributes": [
            [
              {
                "type": "get_attr",
                "value": "name"
              }
            ],
            [
              {
                "type": "get_attr",
                "value": "password"
              }
            ]
          ],
          "identity_schema_version": 0,
          "private": "eyJzY2hlbWFfdmVyc2lvbiI6IjcifQ==",
          "dependencies": [
            "neon_project.flowmazon_project"
          ]
        }
      ]
    },
    {
      "mode": "managed",
      "type": "neon_role",
      "name": "owner_role",
      "provider": "provider[\"registry.terraform.io/kislerdm/neon\"]",
      "instances": [
        {
          "schema_version": 7,
          "attributes": {
            "branch_id": "br-cool-dust-a8lkvfnj",
            "id": "polished-thunder-96221045/br-cool-dust-a8lkvfnj/flowmazow_db_owner",
            "name": "flowmazow_db_owner",
            "password": "npg_nf4Btx8icSkD",
            "project_id": "polished-thunder-96221045",
            "protected": false
          },
          "sensitive_attributes": [
            [
              {
                "type": "get_attr",
                "value": "name"
              }
            ],
            [
              {
                "type": "get_attr",
                "value": "password"
              }
            ]
          ],
          "identity_schema_version": 0,
          "private": "eyJzY2hlbWFfdmVyc2lvbiI6IjcifQ==",
          "dependencies": [
            "neon_project.flowmazon_project"
          ]
        }
      ]
    },
    {
      "mode": "managed",
      "type": "postgresql_default_privileges",
      "name": "app_sequences_usage_select_future",
      "provider": "provider[\"registry.terraform.io/cyrilgdn/postgresql\"].db_owner_connection",
      "instances": [
        {
          "schema_version": 0,
          "attributes": {
            "database": "flowmazondb",
            "id": "flowmazon_app_user_flowmazondb_public_flowmazow_db_owner_sequence",
            "object_type": "sequence",
            "owner": "flowmazow_db_owner",
            "privileges": [
              "SELECT",
              "USAGE"
            ],
            "role": "flowmazon_app_user",
            "schema": "public",
            "with_grant_option": false
          },
          "sensitive_attributes": [
            [
              {
                "type": "get_attr",
                "value": "owner"
              }
            ],
            [
              {
                "type": "get_attr",
                "value": "role"
              }
            ]
          ],
          "identity_schema_version": 0,
          "private": "bnVsbA==",
          "dependencies": [
            "neon_database.flowmazon_db",
            "neon_project.flowmazon_project",
            "neon_role.app_role",
            "neon_role.owner_role",
            "postgresql_grant.app_connect",
            "postgresql_grant.app_schema_usage",
            "postgresql_grant.app_sequences_usage_select_existing"
          ]
        }
      ]
    },
    {
      "mode": "managed",
      "type": "postgresql_default_privileges",
      "name": "app_tables_dml_future",
      "provider": "provider[\"registry.terraform.io/cyrilgdn/postgresql\"].db_owner_connection",
      "instances": [
        {
          "schema_version": 0,
          "attributes": {
            "database": "flowmazondb",
            "id": "flowmazon_app_user_flowmazondb_public_flowmazow_db_owner_table",
            "object_type": "table",
            "owner": "flowmazow_db_owner",
            "privileges": [
              "DELETE",
              "INSERT",
              "SELECT",
              "UPDATE"
            ],
            "role": "flowmazon_app_user",
            "schema": "public",
            "with_grant_option": false
          },
          "sensitive_attributes": [
            [
              {
                "type": "get_attr",
                "value": "owner"
              }
            ],
            [
              {
                "type": "get_attr",
                "value": "role"
              }
            ]
          ],
          "identity_schema_version": 0,
          "private": "bnVsbA==",
          "dependencies": [
            "neon_database.flowmazon_db",
            "neon_project.flowmazon_project",
            "neon_role.app_role",
            "neon_role.owner_role",
            "postgresql_grant.app_connect",
            "postgresql_grant.app_tables_dml_existing"
          ]
        }
      ]
    },
    {
      "mode": "managed",
      "type": "postgresql_grant",
      "name": "app_connect",
      "provider": "provider[\"registry.terraform.io/cyrilgdn/postgresql\"].db_owner_connection",
      "instances": [
        {
          "schema_version": 0,
          "attributes": {
            "columns": null,
            "database": "flowmazondb",
            "id": "flowmazon_app_user_flowmazondb_database",
            "object_type": "database",
            "objects": null,
            "privileges": [
              "CONNECT"
            ],
            "role": "flowmazon_app_user",
            "schema": null,
            "with_grant_option": false
          },
          "sensitive_attributes": [
            [
              {
                "type": "get_attr",
                "value": "role"
              }
            ]
          ],
          "identity_schema_version": 0,
          "private": "bnVsbA==",
          "dependencies": [
            "neon_database.flowmazon_db",
            "neon_project.flowmazon_project",
            "neon_role.app_role",
            "neon_role.owner_role"
          ]
        }
      ]
    },
    {
      "mode": "managed",
      "type": "postgresql_grant",
      "name": "app_schema_usage",
      "provider": "provider[\"registry.terraform.io/cyrilgdn/postgresql\"].db_owner_connection",
      "instances": [
        {
          "schema_version": 0,
          "attributes": {
            "columns": null,
            "database": "flowmazondb",
            "id": "flowmazon_app_user_flowmazondb_public_schema",
            "object_type": "schema",
            "objects": null,
            "privileges": [
              "USAGE"
            ],
            "role": "flowmazon_app_user",
            "schema": "public",
            "with_grant_option": false
          },
          "sensitive_attributes": [
            [
              {
                "type": "get_attr",
                "value": "role"
              }
            ]
          ],
          "identity_schema_version": 0,
          "private": "bnVsbA==",
          "dependencies": [
            "neon_database.flowmazon_db",
            "neon_project.flowmazon_project",
            "neon_role.app_role",
            "neon_role.owner_role",
            "postgresql_grant.app_connect"
          ]
        }
      ]
    },
    {
      "mode": "managed",
      "type": "postgresql_grant",
      "name": "app_sequences_usage_select_existing",
      "provider": "provider[\"registry.terraform.io/cyrilgdn/postgresql\"].db_owner_connection",
      "instances": [
        {
          "schema_version": 0,
          "attributes": {
            "columns": null,
            "database": "flowmazondb",
            "id": "flowmazon_app_user_flowmazondb_public_sequence",
            "object_type": "sequence",
            "objects": null,
            "privileges": [
              "SELECT",
              "USAGE"
            ],
            "role": "flowmazon_app_user",
            "schema": "public",
            "with_grant_option": false
          },
          "sensitive_attributes": [
            [
              {
                "type": "get_attr",
                "value": "role"
              }
            ]
          ],
          "identity_schema_version": 0,
          "private": "bnVsbA==",
          "dependencies": [
            "neon_database.flowmazon_db",
            "neon_project.flowmazon_project",
            "neon_role.app_role",
            "neon_role.owner_role",
            "postgresql_grant.app_connect",
            "postgresql_grant.app_schema_usage"
          ]
        }
      ]
    },
    {
      "mode": "managed",
      "type": "postgresql_grant",
      "name": "app_tables_dml_existing",
      "provider": "provider[\"registry.terraform.io/cyrilgdn/postgresql\"].db_owner_connection",
      "instances": [
        {
          "schema_version": 0,
          "attributes": {
            "columns": null,
            "database": "flowmazondb",
            "id": "flowmazon_app_user_flowmazondb_public_table",
            "object_type": "table",
            "objects": null,
            "privileges": [
              "DELETE",
              "INSERT",
              "SELECT",
              "UPDATE"
            ],
            "role": "flowmazon_app_user",
            "schema": "public",
            "with_grant_option": false
          },
          "sensitive_attributes": [
            [
              {
                "type": "get_attr",
                "value": "role"
              }
            ]
          ],
          "identity_schema_version": 0,
          "private": "bnVsbA==",
          "dependencies": [
            "neon_database.flowmazon_db",
            "neon_project.flowmazon_project",
            "neon_role.app_role",
            "neon_role.owner_role",
            "postgresql_grant.app_connect"
          ]
        }
      ]
    }
  ],
  "check_results": null
}
