{
  "version": 4,
  "terraform_version": "1.12.2",
  "serial": 93,
  "lineage": "d2a29cf5-e951-9f67-c671-9b8f3ebe047c",
  "outputs": {
    "another_connection_string": {
      "value": "postgres://neondb_owner:npg_J5xOsgUWH4Fo@ep-square-lake-a8lphddy.eastus2.azure.neon.tech/neondb",
      "type": "string",
      "sensitive": true
    },
    "neon_app_role_name_output": {
      "value": "flowmazon_app_user",
      "type": "string",
      "sensitive": true
    },
    "neon_app_role_password": {
      "value": "npg_E0cdNp7naJQo",
      "type": "string",
      "sensitive": true
    },
    "neon_connection_string_for_app_role": {
      "value": "postgresql://flowmazon_app_user:npg_E0cdNp7naJQo@ep-square-lake-a8lphddy.eastus2.azure.neon.tech/flowmazondb?sslmode=require",
      "type": "string",
      "sensitive": true
    },
    "neon_endpoint_host": {
      "value": "ep-square-lake-a8lphddy.eastus2.azure.neon.tech",
      "type": "string",
      "sensitive": true
    },
    "neon_owner_role_name_output": {
      "value": "flowmazow_db_owner",
      "type": "string",
      "sensitive": true
    },
    "neon_owner_role_password": {
      "value": "npg_0zt7MmIDuvKs",
      "type": "string",
      "sensitive": true
    }
  },
  "resources": [
    {
      "mode": "managed",
      "type": "neon_database",
      "name": "flowmazon_db",
      "provider": "provider[\"registry.terraform.io/kislerdm/neon\"]",
      "instances": [
        {
          "schema_version": 7,
          "attributes": {
            "branch_id": "br-black-art-a8t7nrck",
            "id": "dark-feather-50772971/br-black-art-a8t7nrck/flowmazondb",
            "name": "flowmazondb",
            "owner_name": "flowmazow_db_owner",
            "project_id": "dark-feather-50772971"
          },
          "sensitive_attributes": [
            [
              {
                "type": "get_attr",
                "value": "owner_name"
              }
            ]
          ],
          "identity_schema_version": 0,
          "private": "eyJzY2hlbWFfdmVyc2lvbiI6IjcifQ==",
          "dependencies": [
            "neon_project.flowmazon_project",
            "neon_role.owner_role"
          ]
        }
      ]
    },
    {
      "mode": "managed",
      "type": "neon_project",
      "name": "flowmazon_project",
      "provider": "provider[\"registry.terraform.io/kislerdm/neon\"]",
      "instances": [
        {
          "schema_version": 9,
          "attributes": {
            "allowed_ips": null,
            "allowed_ips_primary_branch_only": null,
            "allowed_ips_protected_branches_only": null,
            "branch": [
              {
                "database_name": "neondb",
                "id": "br-black-art-a8t7nrck",
                "name": "main",
                "role_name": "neondb_owner"
              }
            ],
            "compute_provisioner": "k8s-neonvm",
            "connection_uri": "postgres://neondb_owner:npg_J5xOsgUWH4Fo@ep-square-lake-a8lphddy.eastus2.azure.neon.tech/neondb",
            "database_host": "ep-square-lake-a8lphddy.eastus2.azure.neon.tech",
            "database_name": "neondb",
            "database_password": "npg_J5xOsgUWH4Fo",
            "database_user": "neondb_owner",
            "default_branch_id": "br-black-art-a8t7nrck",
            "default_endpoint_id": "ep-square-lake-a8lphddy",
            "default_endpoint_settings": [
              {
                "autoscaling_limit_max_cu": 0.25,
                "autoscaling_limit_min_cu": 0.25,
                "id": "ep-square-lake-a8lphddy",
                "suspend_timeout_seconds": 0
              }
            ],
            "enable_logical_replication": null,
            "history_retention_seconds": 86400,
            "id": "dark-feather-50772971",
            "name": "flowmazonprod",
            "org_id": "org-sweet-cherry-48410063",
            "pg_version": 17,
            "quota": null,
            "region_id": "azure-eastus2",
            "store_password": "yes"
          },
          "sensitive_attributes": [
            [
              {
                "type": "get_attr",
                "value": "connection_uri"
              }
            ],
            [
              {
                "type": "get_attr",
                "value": "database_password"
              }
            ]
          ],
          "identity_schema_version": 0,
          "private": "eyJzY2hlbWFfdmVyc2lvbiI6IjkifQ=="
        }
      ]
    },
    {
      "mode": "managed",
      "type": "neon_role",
      "name": "app_role",
      "provider": "provider[\"registry.terraform.io/kislerdm/neon\"]",
      "instances": [
        {
          "schema_version": 7,
          "attributes": {
            "branch_id": "br-black-art-a8t7nrck",
            "id": "dark-feather-50772971/br-black-art-a8t7nrck/flowmazon_app_user",
            "name": "flowmazon_app_user",
            "password": "npg_E0cdNp7naJQo",
            "project_id": "dark-feather-50772971",
            "protected": false
          },
          "sensitive_attributes": [
            [
              {
                "type": "get_attr",
                "value": "name"
              }
            ],
            [
              {
                "type": "get_attr",
                "value": "password"
              }
            ]
          ],
          "identity_schema_version": 0,
          "private": "eyJzY2hlbWFfdmVyc2lvbiI6IjcifQ==",
          "dependencies": [
            "neon_project.flowmazon_project"
          ]
        }
      ]
    },
    {
      "mode": "managed",
      "type": "neon_role",
      "name": "owner_role",
      "provider": "provider[\"registry.terraform.io/kislerdm/neon\"]",
      "instances": [
        {
          "schema_version": 7,
          "attributes": {
            "branch_id": "br-black-art-a8t7nrck",
            "id": "dark-feather-50772971/br-black-art-a8t7nrck/flowmazow_db_owner",
            "name": "flowmazow_db_owner",
            "password": "npg_0zt7MmIDuvKs",
            "project_id": "dark-feather-50772971",
            "protected": false
          },
          "sensitive_attributes": [
            [
              {
                "type": "get_attr",
                "value": "name"
              }
            ],
            [
              {
                "type": "get_attr",
                "value": "password"
              }
            ]
          ],
          "identity_schema_version": 0,
          "private": "eyJzY2hlbWFfdmVyc2lvbiI6IjcifQ==",
          "dependencies": [
            "neon_project.flowmazon_project"
          ]
        }
      ]
    },
    {
      "mode": "managed",
      "type": "postgresql_default_privileges",
      "name": "app_sequences_usage_select_future",
      "provider": "provider[\"registry.terraform.io/cyrilgdn/postgresql\"].db_owner_connection",
      "instances": [
        {
          "schema_version": 0,
          "attributes": {
            "database": "flowmazondb",
            "id": "flowmazon_app_user_flowmazondb_public_flowmazow_db_owner_sequence",
            "object_type": "sequence",
            "owner": "flowmazow_db_owner",
            "privileges": [
              "SELECT",
              "USAGE"
            ],
            "role": "flowmazon_app_user",
            "schema": "public",
            "with_grant_option": false
          },
          "sensitive_attributes": [
            [
              {
                "type": "get_attr",
                "value": "owner"
              }
            ],
            [
              {
                "type": "get_attr",
                "value": "role"
              }
            ]
          ],
          "identity_schema_version": 0,
          "private": "bnVsbA==",
          "dependencies": [
            "neon_database.flowmazon_db",
            "neon_project.flowmazon_project",
            "neon_role.app_role",
            "neon_role.owner_role",
            "postgresql_grant.app_connect",
            "postgresql_grant.app_schema_usage",
            "postgresql_grant.app_sequences_usage_select_existing"
          ]
        }
      ]
    },
    {
      "mode": "managed",
      "type": "postgresql_default_privileges",
      "name": "app_tables_dml_future",
      "provider": "provider[\"registry.terraform.io/cyrilgdn/postgresql\"].db_owner_connection",
      "instances": [
        {
          "schema_version": 0,
          "attributes": {
            "database": "flowmazondb",
            "id": "flowmazon_app_user_flowmazondb_public_flowmazow_db_owner_table",
            "object_type": "table",
            "owner": "flowmazow_db_owner",
            "privileges": [
              "DELETE",
              "INSERT",
              "SELECT",
              "UPDATE"
            ],
            "role": "flowmazon_app_user",
            "schema": "public",
            "with_grant_option": false
          },
          "sensitive_attributes": [
            [
              {
                "type": "get_attr",
                "value": "owner"
              }
            ],
            [
              {
                "type": "get_attr",
                "value": "role"
              }
            ]
          ],
          "identity_schema_version": 0,
          "private": "bnVsbA==",
          "dependencies": [
            "neon_database.flowmazon_db",
            "neon_project.flowmazon_project",
            "neon_role.app_role",
            "neon_role.owner_role",
            "postgresql_grant.app_connect",
            "postgresql_grant.app_tables_dml_existing"
          ]
        }
      ]
    },
    {
      "mode": "managed",
      "type": "postgresql_grant",
      "name": "app_connect",
      "provider": "provider[\"registry.terraform.io/cyrilgdn/postgresql\"].db_owner_connection",
      "instances": [
        {
          "schema_version": 0,
          "attributes": {
            "columns": null,
            "database": "flowmazondb",
            "id": "flowmazon_app_user_flowmazondb_database",
            "object_type": "database",
            "objects": null,
            "privileges": [
              "CONNECT"
            ],
            "role": "flowmazon_app_user",
            "schema": null,
            "with_grant_option": false
          },
          "sensitive_attributes": [
            [
              {
                "type": "get_attr",
                "value": "role"
              }
            ]
          ],
          "identity_schema_version": 0,
          "private": "bnVsbA==",
          "dependencies": [
            "neon_database.flowmazon_db",
            "neon_project.flowmazon_project",
            "neon_role.app_role",
            "neon_role.owner_role"
          ]
        }
      ]
    },
    {
      "mode": "managed",
      "type": "postgresql_grant",
      "name": "app_schema_usage",
      "provider": "provider[\"registry.terraform.io/cyrilgdn/postgresql\"].db_owner_connection",
      "instances": [
        {
          "schema_version": 0,
          "attributes": {
            "columns": null,
            "database": "flowmazondb",
            "id": "flowmazon_app_user_flowmazondb_public_schema",
            "object_type": "schema",
            "objects": null,
            "privileges": [
              "USAGE"
            ],
            "role": "flowmazon_app_user",
            "schema": "public",
            "with_grant_option": false
          },
          "sensitive_attributes": [
            [
              {
                "type": "get_attr",
                "value": "role"
              }
            ]
          ],
          "identity_schema_version": 0,
          "private": "bnVsbA==",
          "dependencies": [
            "neon_database.flowmazon_db",
            "neon_project.flowmazon_project",
            "neon_role.app_role",
            "neon_role.owner_role",
            "postgresql_grant.app_connect"
          ]
        }
      ]
    },
    {
      "mode": "managed",
      "type": "postgresql_grant",
      "name": "app_sequences_usage_select_existing",
      "provider": "provider[\"registry.terraform.io/cyrilgdn/postgresql\"].db_owner_connection",
      "instances": [
        {
          "schema_version": 0,
          "attributes": {
            "columns": null,
            "database": "flowmazondb",
            "id": "flowmazon_app_user_flowmazondb_public_sequence",
            "object_type": "sequence",
            "objects": null,
            "privileges": [
              "SELECT",
              "USAGE"
            ],
            "role": "flowmazon_app_user",
            "schema": "public",
            "with_grant_option": false
          },
          "sensitive_attributes": [
            [
              {
                "type": "get_attr",
                "value": "role"
              }
            ]
          ],
          "identity_schema_version": 0,
          "private": "bnVsbA==",
          "dependencies": [
            "neon_database.flowmazon_db",
            "neon_project.flowmazon_project",
            "neon_role.app_role",
            "neon_role.owner_role",
            "postgresql_grant.app_connect",
            "postgresql_grant.app_schema_usage"
          ]
        }
      ]
    },
    {
      "mode": "managed",
      "type": "postgresql_grant",
      "name": "app_tables_dml_existing",
      "provider": "provider[\"registry.terraform.io/cyrilgdn/postgresql\"].db_owner_connection",
      "instances": [
        {
          "schema_version": 0,
          "attributes": {
            "columns": null,
            "database": "flowmazondb",
            "id": "flowmazon_app_user_flowmazondb_public_table",
            "object_type": "table",
            "objects": null,
            "privileges": [
              "DELETE",
              "INSERT",
              "SELECT",
              "UPDATE"
            ],
            "role": "flowmazon_app_user",
            "schema": "public",
            "with_grant_option": false
          },
          "sensitive_attributes": [
            [
              {
                "type": "get_attr",
                "value": "role"
              }
            ]
          ],
          "identity_schema_version": 0,
          "private": "bnVsbA==",
          "dependencies": [
            "neon_database.flowmazon_db",
            "neon_project.flowmazon_project",
            "neon_role.app_role",
            "neon_role.owner_role",
            "postgresql_grant.app_connect"
          ]
        }
      ]
    }
  ],
  "check_results": null
}
